
Microsoft Visual Studio Solution File, Format Version 12.00
# Visual Studio Version 16
VisualStudioVersion = 16.0.31702.278
MinimumVisualStudioVersion = 10.0.40219.1
Project("{9A19103F-16F7-4668-BE54-9A1E7A4F7556}") = "Testing Pizza Website", "Testing Pizza Website\Testing Pizza Website.csproj", "{1C0EFB02-AF0E-413D-8594-5166149159EB}"
EndProject
Project("{9A19103F-16F7-4668-BE54-9A1E7A4F7556}") = "PizzaWebsite", "..\PizzaWebsite\PizzaWebsite\PizzaWebsite.csproj", "{6A856C08-3E60-4CCF-A296-2F98F310B107}"
EndProject
Project("{FAE04EC0-301F-11D3-BF4B-00C04F79EFBC}") = "test", "test\test.csproj", "{915AD0EB-5C2A-43AD-9883-17ADE399D8F0}"
EndProject
Global
	GlobalSection(SolutionConfigurationPlatforms) = preSolution
		Debug|Any CPU = Debug|Any CPU
		Release|Any CPU = Release|Any CPU
	EndGlobalSection
	GlobalSection(ProjectConfigurationPlatforms) = postSolution
		{1C0EFB02-AF0E-413D-8594-5166149159EB}.Debug|Any CPU.ActiveCfg = Debug|Any CPU
		{1C0EFB02-AF0E-413D-8594-5166149159EB}.Debug|Any CPU.Build.0 = Debug|Any CPU
		{1C0EFB02-AF0E-413D-8594-5166149159EB}.Release|Any CPU.ActiveCfg = Release|Any CPU
		{1C0EFB02-AF0E-413D-8594-5166149159EB}.Release|Any CPU.Build.0 = Release|Any CPU
		{6A856C08-3E60-4CCF-A296-2F98F310B107}.Debug|Any CPU.ActiveCfg = Debug|Any CPU
		{6A856C08-3E60-4CCF-A296-2F98F310B107}.Debug|Any CPU.Build.0 = Debug|Any CPU
		{6A856C08-3E60-4CCF-A296-2F98F310B107}.Release|Any CPU.ActiveCfg = Release|Any CPU
		{6A856C08-3E60-4CCF-A296-2F98F310B107}.Release|Any CPU.Build.0 = Release|Any CPU
		{915AD0EB-5C2A-43AD-9883-17ADE399D8F0}.Debug|Any CPU.ActiveCfg = Debug|Any CPU
		{915AD0EB-5C2A-43AD-9883-17ADE399D8F0}.Debug|Any CPU.Build.0 = Debug|Any CPU
		{915AD0EB-5C2A-43AD-9883-17ADE399D8F0}.Release|Any CPU.ActiveCfg = Release|Any CPU
		{915AD0EB-5C2A-43AD-9883-17ADE399D8F0}.Release|Any CPU.Build.0 = Release|Any CPU
	EndGlobalSection
	GlobalSection(SolutionProperties) = preSolution
		HideSolutionNode = FALSE
	EndGlobalSection
	GlobalSection(ExtensibilityGlobals) = postSolution
		SolutionGuid = {B3171390-6491-4076-9241-610B32A34F06}
	EndGlobalSection
EndGlobal
